
Microsoft Visual Studio Solution File, Format Version 12.00
# Visual Studio Version 17
VisualStudioVersion = 17.14.36408.4 d17.14
MinimumVisualStudioVersion = 10.0.40219.1
Project("{FAE04EC0-301F-11D3-BF4B-00C04F79EFBC}") = "factorial_repetition", "factorial_repetition\factorial_repetition.csproj", "{CA19FCFB-BBD9-4839-A4D9-34EA26B24960}"
EndProject
Global
	GlobalSection(SolutionConfigurationPlatforms) = preSolution
		Debug|Any CPU = Debug|Any CPU
		Release|Any CPU = Release|Any CPU
	EndGlobalSection
	GlobalSection(ProjectConfigurationPlatforms) = postSolution
		{CA19FCFB-BBD9-4839-A4D9-34EA26B24960}.Debug|Any CPU.ActiveCfg = Debug|Any CPU
		{CA19FCFB-BBD9-4839-A4D9-34EA26B24960}.Debug|Any CPU.Build.0 = Debug|Any CPU
		{CA19FCFB-BBD9-4839-A4D9-34EA26B24960}.Release|Any CPU.ActiveCfg = Release|Any CPU
		{CA19FCFB-BBD9-4839-A4D9-34EA26B24960}.Release|Any CPU.Build.0 = Release|Any CPU
	EndGlobalSection
	GlobalSection(SolutionProperties) = preSolution
		HideSolutionNode = FALSE
	EndGlobalSection
	GlobalSection(ExtensibilityGlobals) = postSolution
		SolutionGuid = {C913871E-3A96-431B-A639-1CFA7E9139B8}
	EndGlobalSection
EndGlobal
