
Microsoft Visual Studio Solution File, Format Version 12.00
# Visual Studio Version 17
VisualStudioVersion = 17.14.36408.4 d17.14
MinimumVisualStudioVersion = 10.0.40219.1
Project("{FAE04EC0-301F-11D3-BF4B-00C04F79EFBC}") = "Rectangel", "Rectangel\Rectangel.csproj", "{D06449CF-0061-432B-9E96-9A2E270910B8}"
EndProject
Global
	GlobalSection(SolutionConfigurationPlatforms) = preSolution
		Debug|Any CPU = Debug|Any CPU
		Release|Any CPU = Release|Any CPU
	EndGlobalSection
	GlobalSection(ProjectConfigurationPlatforms) = postSolution
		{D06449CF-0061-432B-9E96-9A2E270910B8}.Debug|Any CPU.ActiveCfg = Debug|Any CPU
		{D06449CF-0061-432B-9E96-9A2E270910B8}.Debug|Any CPU.Build.0 = Debug|Any CPU
		{D06449CF-0061-432B-9E96-9A2E270910B8}.Release|Any CPU.ActiveCfg = Release|Any CPU
		{D06449CF-0061-432B-9E96-9A2E270910B8}.Release|Any CPU.Build.0 = Release|Any CPU
	EndGlobalSection
	GlobalSection(SolutionProperties) = preSolution
		HideSolutionNode = FALSE
	EndGlobalSection
	GlobalSection(ExtensibilityGlobals) = postSolution
		SolutionGuid = {D37F2DF4-4D99-41E1-9DF0-1D9521D7B658}
	EndGlobalSection
EndGlobal
